
Microsoft Visual Studio Solution File, Format Version 12.00
# Visual Studio Version 17
VisualStudioVersion = 17.1.31903.286
MinimumVisualStudioVersion = 10.0.40219.1
Project("{9A19103F-16F7-4668-BE54-9A1E7A4F7556}") = "NotificationFunction", "NotificationFunction\NotificationFunction.csproj", "{8DC7970B-9891-40B4-9F9D-9F8C26903D4B}"
EndProject
Project("{9A19103F-16F7-4668-BE54-9A1E7A4F7556}") = "MeteredTimerFunction", "MeteredTimerFunction\MeteredTimerFunction.csproj", "{725FBF17-3A47-42F2-B8C6-59FF22D3F0BF}"
EndProject
Project("{2150E333-8FDC-42A3-9474-1A3956D46DE8}") = "BaseProjects", "BaseProjects", "{DA5844BD-E28F-499F-A309-C93FA027FBC8}"
EndProject
Project("{6EC3EE1D-3C4E-46DD-8F32-0CC8E7565705}") = "Metering.EventHubTypes", "..\..\..\Metering.EventHubTypes\Metering.EventHubTypes.fsproj", "{DC4FE801-3B03-480E-B38D-EAF9FCF9DE37}"
EndProject
Project("{6EC3EE1D-3C4E-46DD-8F32-0CC8E7565705}") = "Metering.BaseTypes", "..\..\..\Metering.BaseTypes\Metering.BaseTypes.fsproj", "{8AFC6FC4-22AD-4CBC-9F6C-B1B60BEC4B5F}"
EndProject
Project("{6EC3EE1D-3C4E-46DD-8F32-0CC8E7565705}") = "Metering.Runtime", "..\..\..\Metering.Runtime\Metering.Runtime.fsproj", "{5E440BEE-9DE0-4F3A-8D8D-BA1DF38E89A1}"
EndProject
Global
	GlobalSection(SolutionConfigurationPlatforms) = preSolution
		Debug|Any CPU = Debug|Any CPU
		Release|Any CPU = Release|Any CPU
	EndGlobalSection
	GlobalSection(ProjectConfigurationPlatforms) = postSolution
		{8DC7970B-9891-40B4-9F9D-9F8C26903D4B}.Debug|Any CPU.ActiveCfg = Debug|Any CPU
		{8DC7970B-9891-40B4-9F9D-9F8C26903D4B}.Debug|Any CPU.Build.0 = Debug|Any CPU
		{8DC7970B-9891-40B4-9F9D-9F8C26903D4B}.Release|Any CPU.ActiveCfg = Release|Any CPU
		{8DC7970B-9891-40B4-9F9D-9F8C26903D4B}.Release|Any CPU.Build.0 = Release|Any CPU
		{725FBF17-3A47-42F2-B8C6-59FF22D3F0BF}.Debug|Any CPU.ActiveCfg = Debug|Any CPU
		{725FBF17-3A47-42F2-B8C6-59FF22D3F0BF}.Debug|Any CPU.Build.0 = Debug|Any CPU
		{725FBF17-3A47-42F2-B8C6-59FF22D3F0BF}.Release|Any CPU.ActiveCfg = Release|Any CPU
		{725FBF17-3A47-42F2-B8C6-59FF22D3F0BF}.Release|Any CPU.Build.0 = Release|Any CPU
		{DC4FE801-3B03-480E-B38D-EAF9FCF9DE37}.Debug|Any CPU.ActiveCfg = Debug|Any CPU
		{DC4FE801-3B03-480E-B38D-EAF9FCF9DE37}.Debug|Any CPU.Build.0 = Debug|Any CPU
		{DC4FE801-3B03-480E-B38D-EAF9FCF9DE37}.Release|Any CPU.ActiveCfg = Release|Any CPU
		{DC4FE801-3B03-480E-B38D-EAF9FCF9DE37}.Release|Any CPU.Build.0 = Release|Any CPU
		{8AFC6FC4-22AD-4CBC-9F6C-B1B60BEC4B5F}.Debug|Any CPU.ActiveCfg = Debug|Any CPU
		{8AFC6FC4-22AD-4CBC-9F6C-B1B60BEC4B5F}.Debug|Any CPU.Build.0 = Debug|Any CPU
		{8AFC6FC4-22AD-4CBC-9F6C-B1B60BEC4B5F}.Release|Any CPU.ActiveCfg = Release|Any CPU
		{8AFC6FC4-22AD-4CBC-9F6C-B1B60BEC4B5F}.Release|Any CPU.Build.0 = Release|Any CPU
		{5E440BEE-9DE0-4F3A-8D8D-BA1DF38E89A1}.Debug|Any CPU.ActiveCfg = Debug|Any CPU
		{5E440BEE-9DE0-4F3A-8D8D-BA1DF38E89A1}.Debug|Any CPU.Build.0 = Debug|Any CPU
		{5E440BEE-9DE0-4F3A-8D8D-BA1DF38E89A1}.Release|Any CPU.ActiveCfg = Release|Any CPU
		{5E440BEE-9DE0-4F3A-8D8D-BA1DF38E89A1}.Release|Any CPU.Build.0 = Release|Any CPU
	EndGlobalSection
	GlobalSection(SolutionProperties) = preSolution
		HideSolutionNode = FALSE
	EndGlobalSection
	GlobalSection(NestedProjects) = preSolution
		{DC4FE801-3B03-480E-B38D-EAF9FCF9DE37} = {DA5844BD-E28F-499F-A309-C93FA027FBC8}
		{8AFC6FC4-22AD-4CBC-9F6C-B1B60BEC4B5F} = {DA5844BD-E28F-499F-A309-C93FA027FBC8}
		{5E440BEE-9DE0-4F3A-8D8D-BA1DF38E89A1} = {DA5844BD-E28F-499F-A309-C93FA027FBC8}
	EndGlobalSection
	GlobalSection(ExtensibilityGlobals) = postSolution
		SolutionGuid = {14CBE5CB-0D70-4403-A5B9-F2164D7C4EAD}
	EndGlobalSection
EndGlobal
