
Microsoft Visual Studio Solution File, Format Version 12.00
# Visual Studio Version 17
VisualStudioVersion = 17.0.31903.59
MinimumVisualStudioVersion = 10.0.40219.1
Project("{2150E333-8FDC-42A3-9474-1A3956D46DE8}") = "Solution Items", "Solution Items", "{BE422FBF-7D05-4571-AAFA-874471D110F2}"
	ProjectSection(SolutionItems) = preProject
		.editorconfig = .editorconfig
		1.sh = 1.sh
		Dockerfile = Dockerfile
		global.json = global.json
		..\docs\MarketplaceDataStructures.md = ..\docs\MarketplaceDataStructures.md
		..\NOTICE.md = ..\NOTICE.md
		..\docs\old_snippets.md = ..\docs\old_snippets.md
		push_event_hub.sh = push_event_hub.sh
		..\README.md = ..\README.md
		show_meters.sh = show_meters.sh
		..\docs\state-transistions.md = ..\docs\state-transistions.md
	EndProjectSection
EndProject
Project("{2150E333-8FDC-42A3-9474-1A3956D46DE8}") = "Demos", "Demos", "{63515470-9590-4E66-9C64-9F0D3B86547E}"
EndProject
Project("{6EC3EE1D-3C4E-46DD-8F32-0CC8E7565705}") = "Metering.BusinessLogicDemoApp", "Demos\Metering.BusinessLogicDemoApp\Metering.BusinessLogicDemoApp.fsproj", "{F0A33057-5480-41D5-B71E-DD9483552DF6}"
EndProject
Project("{9A19103F-16F7-4668-BE54-9A1E7A4F7556}") = "DemoClient", "Demos\DemoClient\DemoClient.csproj", "{CA96EF69-AA0C-44E7-B7D9-B912ED8666C1}"
EndProject
Project("{6EC3EE1D-3C4E-46DD-8F32-0CC8E7565705}") = "ReadEventHubCaptureSample", "Demos\ReadEventHubCaptureSample\ReadEventHubCaptureSample.fsproj", "{2A7F95C9-5A33-4530-B023-814362AB307D}"
EndProject
Project("{9A19103F-16F7-4668-BE54-9A1E7A4F7556}") = "DemoWebApp", "Demos\DemoWebApp\DemoWebApp.csproj", "{B40115AB-446F-4391-9BC0-8FD2947A8DFC}"
EndProject
Project("{9A19103F-16F7-4668-BE54-9A1E7A4F7556}") = "Aggregator", "Aggregator\Aggregator.csproj", "{570845F9-9E8B-4267-8B02-04A3CFE3C908}"
EndProject
Project("{6EC3EE1D-3C4E-46DD-8F32-0CC8E7565705}") = "Metering.Tests", "Metering.Tests\Metering.Tests.fsproj", "{36375E7C-A2FF-4AAB-82B2-D0E064CFCAD1}"
EndProject
Project("{6EC3EE1D-3C4E-46DD-8F32-0CC8E7565705}") = "Metering.Runtime", "Metering.Runtime\Metering.Runtime.fsproj", "{226EDFF4-5827-4DE8-B534-119A8ABA3B85}"
EndProject
Project("{E53339B2-1760-4266-BCC7-CA923CBCF16C}") = "docker-compose", "docker-compose\docker-compose.dcproj", "{8D194721-CD62-41D5-A137-E7170EB40C39}"
EndProject
Project("{9A19103F-16F7-4668-BE54-9A1E7A4F7556}") = "AggregatorFunctionHost", "AggregatorFunctionHost\AggregatorFunctionHost.csproj", "{F6ADCE13-6314-40E7-9E0A-A81EDF12FB59}"
EndProject
Project("{9A19103F-16F7-4668-BE54-9A1E7A4F7556}") = "AddMetadataToEventHubCapture", "AddMetadataToEventHubCapture\AddMetadataToEventHubCapture.csproj", "{4AC8628A-A27B-4D8A-8FE5-BC88C3DB2C80}"
EndProject
Project("{6EC3EE1D-3C4E-46DD-8F32-0CC8E7565705}") = "Metering.BaseTypes", "Metering.BaseTypes\Metering.BaseTypes.fsproj", "{D62C452D-496D-4342-B5AC-177E9C09A5EA}"
EndProject
Project("{6EC3EE1D-3C4E-46DD-8F32-0CC8E7565705}") = "Metering.Mockup", "Metering.Mockup\Metering.Mockup.fsproj", "{3D433F50-5DC5-4918-98E3-3B8A11DB923F}"
EndProject
Project("{6EC3EE1D-3C4E-46DD-8F32-0CC8E7565705}") = "Metering.EventHubTypes", "Metering.EventHubTypes\Metering.EventHubTypes.fsproj", "{F4C14F7D-2BAC-4BA2-8FAA-62906901FA2E}"
EndProject
Project("{9A19103F-16F7-4668-BE54-9A1E7A4F7556}") = "Metering.EventHub", "Metering.EventHub\Metering.EventHub.csproj", "{8893A675-FA73-4213-9C13-C92CF54D0C17}"
EndProject
Project("{9A19103F-16F7-4668-BE54-9A1E7A4F7556}") = "Metering.RuntimeCS", "Metering.RuntimeCS\Metering.RuntimeCS.csproj", "{C1DF191D-2724-4D01-ABA0-31DE247C405A}"
EndProject
Project("{9A19103F-16F7-4668-BE54-9A1E7A4F7556}") = "DemoDownloadCapture", "Demos\DemoDownloadCapture\DemoDownloadCapture.csproj", "{E3DB61E9-B1B7-4CBD-AF7C-4AF1C0AB204F}"
EndProject
Project("{9A19103F-16F7-4668-BE54-9A1E7A4F7556}") = "SimpleSerialization", "Demos\SimpleSerialization\SimpleSerialization.csproj", "{B81F891D-C187-4DC2-B32C-25875B28B04D}"
EndProject
Project("{2150E333-8FDC-42A3-9474-1A3956D46DE8}") = "CMS Integration Demos", "CMS Integration Demos", "{E1FF4269-17EF-405D-82CE-4ED2CC7DEFA3}"
EndProject
Project("{2150E333-8FDC-42A3-9474-1A3956D46DE8}") = "ManagedAppWithFunctionProxy", "ManagedAppWithFunctionProxy", "{21099251-12F2-48DF-8704-058CD6A7C8E8}"
EndProject
Project("{2150E333-8FDC-42A3-9474-1A3956D46DE8}") = "SaaS", "SaaS", "{0FC868E2-1262-421D-9F92-7425F224A428}"
EndProject
Project("{9A19103F-16F7-4668-BE54-9A1E7A4F7556}") = "MeteredTimerFunction", "Demos\ManagedAppIntegration\src\MeteredTimerFunction\MeteredTimerFunction.csproj", "{D0371463-C808-4301-AE05-BC99D2013ACF}"
EndProject
Project("{9A19103F-16F7-4668-BE54-9A1E7A4F7556}") = "NotificationFunction", "Demos\ManagedAppIntegration\src\NotificationFunction\NotificationFunction.csproj", "{CCAB4FC0-8900-4126-8389-5C52062DBAE5}"
EndProject
Project("{9A19103F-16F7-4668-BE54-9A1E7A4F7556}") = "LandingPage", "Demos\SaaSIntegration\src\LandingPage\LandingPage.csproj", "{6BF359A0-CF94-4A06-8A81-8CFCCEA99EE9}"
EndProject
Project("{9A19103F-16F7-4668-BE54-9A1E7A4F7556}") = "MeteredPage", "Demos\SaaSIntegration\src\MeteredPage\MeteredPage.csproj", "{B2563E68-CBE6-4E71-A3BC-6CA978254535}"
EndProject
Project("{9A19103F-16F7-4668-BE54-9A1E7A4F7556}") = "Metering.SharedResourceBroker", "Metering.SharedResourceBroker\Metering.SharedResourceBroker.csproj", "{98F369FC-2F7C-427D-9AF7-37AB2145F372}"
EndProject
Project("{2150E333-8FDC-42A3-9474-1A3956D46DE8}") = "Tools", "Tools", "{4AB2B986-13C0-4052-9FDE-8797DBFF2FFB}"
EndProject
Project("{F2A71F9B-5D33-465A-A702-920D77279786}") = "ReplayCaptureForPartition", "Tools\ReplayCaptureForPartition\ReplayCaptureForPartition.fsproj", "{E47C8AEC-A25A-48C3-8E56-B0386A29C3EA}"
EndProject
Global
	GlobalSection(SolutionConfigurationPlatforms) = preSolution
		Debug|Any CPU = Debug|Any CPU
		Release|Any CPU = Release|Any CPU
	EndGlobalSection
	GlobalSection(ProjectConfigurationPlatforms) = postSolution
		{F0A33057-5480-41D5-B71E-DD9483552DF6}.Debug|Any CPU.ActiveCfg = Debug|Any CPU
		{F0A33057-5480-41D5-B71E-DD9483552DF6}.Debug|Any CPU.Build.0 = Debug|Any CPU
		{F0A33057-5480-41D5-B71E-DD9483552DF6}.Release|Any CPU.ActiveCfg = Release|Any CPU
		{F0A33057-5480-41D5-B71E-DD9483552DF6}.Release|Any CPU.Build.0 = Release|Any CPU
		{CA96EF69-AA0C-44E7-B7D9-B912ED8666C1}.Debug|Any CPU.ActiveCfg = Debug|Any CPU
		{CA96EF69-AA0C-44E7-B7D9-B912ED8666C1}.Debug|Any CPU.Build.0 = Debug|Any CPU
		{CA96EF69-AA0C-44E7-B7D9-B912ED8666C1}.Release|Any CPU.ActiveCfg = Release|Any CPU
		{CA96EF69-AA0C-44E7-B7D9-B912ED8666C1}.Release|Any CPU.Build.0 = Release|Any CPU
		{2A7F95C9-5A33-4530-B023-814362AB307D}.Debug|Any CPU.ActiveCfg = Debug|Any CPU
		{2A7F95C9-5A33-4530-B023-814362AB307D}.Debug|Any CPU.Build.0 = Debug|Any CPU
		{2A7F95C9-5A33-4530-B023-814362AB307D}.Release|Any CPU.ActiveCfg = Release|Any CPU
		{2A7F95C9-5A33-4530-B023-814362AB307D}.Release|Any CPU.Build.0 = Release|Any CPU
		{B40115AB-446F-4391-9BC0-8FD2947A8DFC}.Debug|Any CPU.ActiveCfg = Debug|Any CPU
		{B40115AB-446F-4391-9BC0-8FD2947A8DFC}.Debug|Any CPU.Build.0 = Debug|Any CPU
		{B40115AB-446F-4391-9BC0-8FD2947A8DFC}.Release|Any CPU.ActiveCfg = Release|Any CPU
		{B40115AB-446F-4391-9BC0-8FD2947A8DFC}.Release|Any CPU.Build.0 = Release|Any CPU
		{570845F9-9E8B-4267-8B02-04A3CFE3C908}.Debug|Any CPU.ActiveCfg = Debug|Any CPU
		{570845F9-9E8B-4267-8B02-04A3CFE3C908}.Debug|Any CPU.Build.0 = Debug|Any CPU
		{570845F9-9E8B-4267-8B02-04A3CFE3C908}.Release|Any CPU.ActiveCfg = Release|Any CPU
		{570845F9-9E8B-4267-8B02-04A3CFE3C908}.Release|Any CPU.Build.0 = Release|Any CPU
		{36375E7C-A2FF-4AAB-82B2-D0E064CFCAD1}.Debug|Any CPU.ActiveCfg = Debug|Any CPU
		{36375E7C-A2FF-4AAB-82B2-D0E064CFCAD1}.Debug|Any CPU.Build.0 = Debug|Any CPU
		{36375E7C-A2FF-4AAB-82B2-D0E064CFCAD1}.Release|Any CPU.ActiveCfg = Release|Any CPU
		{36375E7C-A2FF-4AAB-82B2-D0E064CFCAD1}.Release|Any CPU.Build.0 = Release|Any CPU
		{226EDFF4-5827-4DE8-B534-119A8ABA3B85}.Debug|Any CPU.ActiveCfg = Debug|Any CPU
		{226EDFF4-5827-4DE8-B534-119A8ABA3B85}.Debug|Any CPU.Build.0 = Debug|Any CPU
		{226EDFF4-5827-4DE8-B534-119A8ABA3B85}.Release|Any CPU.ActiveCfg = Release|Any CPU
		{226EDFF4-5827-4DE8-B534-119A8ABA3B85}.Release|Any CPU.Build.0 = Release|Any CPU
		{8D194721-CD62-41D5-A137-E7170EB40C39}.Debug|Any CPU.ActiveCfg = Debug|Any CPU
		{8D194721-CD62-41D5-A137-E7170EB40C39}.Debug|Any CPU.Build.0 = Debug|Any CPU
		{8D194721-CD62-41D5-A137-E7170EB40C39}.Release|Any CPU.ActiveCfg = Release|Any CPU
		{8D194721-CD62-41D5-A137-E7170EB40C39}.Release|Any CPU.Build.0 = Release|Any CPU
		{F6ADCE13-6314-40E7-9E0A-A81EDF12FB59}.Debug|Any CPU.ActiveCfg = Debug|Any CPU
		{F6ADCE13-6314-40E7-9E0A-A81EDF12FB59}.Debug|Any CPU.Build.0 = Debug|Any CPU
		{F6ADCE13-6314-40E7-9E0A-A81EDF12FB59}.Release|Any CPU.ActiveCfg = Release|Any CPU
		{F6ADCE13-6314-40E7-9E0A-A81EDF12FB59}.Release|Any CPU.Build.0 = Release|Any CPU
		{4AC8628A-A27B-4D8A-8FE5-BC88C3DB2C80}.Debug|Any CPU.ActiveCfg = Debug|Any CPU
		{4AC8628A-A27B-4D8A-8FE5-BC88C3DB2C80}.Debug|Any CPU.Build.0 = Debug|Any CPU
		{4AC8628A-A27B-4D8A-8FE5-BC88C3DB2C80}.Release|Any CPU.ActiveCfg = Release|Any CPU
		{4AC8628A-A27B-4D8A-8FE5-BC88C3DB2C80}.Release|Any CPU.Build.0 = Release|Any CPU
		{D62C452D-496D-4342-B5AC-177E9C09A5EA}.Debug|Any CPU.ActiveCfg = Debug|Any CPU
		{D62C452D-496D-4342-B5AC-177E9C09A5EA}.Debug|Any CPU.Build.0 = Debug|Any CPU
		{D62C452D-496D-4342-B5AC-177E9C09A5EA}.Release|Any CPU.ActiveCfg = Release|Any CPU
		{D62C452D-496D-4342-B5AC-177E9C09A5EA}.Release|Any CPU.Build.0 = Release|Any CPU
		{3D433F50-5DC5-4918-98E3-3B8A11DB923F}.Debug|Any CPU.ActiveCfg = Debug|Any CPU
		{3D433F50-5DC5-4918-98E3-3B8A11DB923F}.Debug|Any CPU.Build.0 = Debug|Any CPU
		{3D433F50-5DC5-4918-98E3-3B8A11DB923F}.Release|Any CPU.ActiveCfg = Release|Any CPU
		{3D433F50-5DC5-4918-98E3-3B8A11DB923F}.Release|Any CPU.Build.0 = Release|Any CPU
		{F4C14F7D-2BAC-4BA2-8FAA-62906901FA2E}.Debug|Any CPU.ActiveCfg = Debug|Any CPU
		{F4C14F7D-2BAC-4BA2-8FAA-62906901FA2E}.Debug|Any CPU.Build.0 = Debug|Any CPU
		{F4C14F7D-2BAC-4BA2-8FAA-62906901FA2E}.Release|Any CPU.ActiveCfg = Release|Any CPU
		{F4C14F7D-2BAC-4BA2-8FAA-62906901FA2E}.Release|Any CPU.Build.0 = Release|Any CPU
		{8893A675-FA73-4213-9C13-C92CF54D0C17}.Debug|Any CPU.ActiveCfg = Debug|Any CPU
		{8893A675-FA73-4213-9C13-C92CF54D0C17}.Debug|Any CPU.Build.0 = Debug|Any CPU
		{8893A675-FA73-4213-9C13-C92CF54D0C17}.Release|Any CPU.ActiveCfg = Release|Any CPU
		{8893A675-FA73-4213-9C13-C92CF54D0C17}.Release|Any CPU.Build.0 = Release|Any CPU
		{C1DF191D-2724-4D01-ABA0-31DE247C405A}.Debug|Any CPU.ActiveCfg = Debug|Any CPU
		{C1DF191D-2724-4D01-ABA0-31DE247C405A}.Debug|Any CPU.Build.0 = Debug|Any CPU
		{C1DF191D-2724-4D01-ABA0-31DE247C405A}.Release|Any CPU.ActiveCfg = Release|Any CPU
		{C1DF191D-2724-4D01-ABA0-31DE247C405A}.Release|Any CPU.Build.0 = Release|Any CPU
		{E3DB61E9-B1B7-4CBD-AF7C-4AF1C0AB204F}.Debug|Any CPU.ActiveCfg = Debug|Any CPU
		{E3DB61E9-B1B7-4CBD-AF7C-4AF1C0AB204F}.Debug|Any CPU.Build.0 = Debug|Any CPU
		{E3DB61E9-B1B7-4CBD-AF7C-4AF1C0AB204F}.Release|Any CPU.ActiveCfg = Release|Any CPU
		{E3DB61E9-B1B7-4CBD-AF7C-4AF1C0AB204F}.Release|Any CPU.Build.0 = Release|Any CPU
		{B81F891D-C187-4DC2-B32C-25875B28B04D}.Debug|Any CPU.ActiveCfg = Debug|Any CPU
		{B81F891D-C187-4DC2-B32C-25875B28B04D}.Debug|Any CPU.Build.0 = Debug|Any CPU
		{B81F891D-C187-4DC2-B32C-25875B28B04D}.Release|Any CPU.ActiveCfg = Release|Any CPU
		{B81F891D-C187-4DC2-B32C-25875B28B04D}.Release|Any CPU.Build.0 = Release|Any CPU
		{D0371463-C808-4301-AE05-BC99D2013ACF}.Debug|Any CPU.ActiveCfg = Debug|Any CPU
		{D0371463-C808-4301-AE05-BC99D2013ACF}.Debug|Any CPU.Build.0 = Debug|Any CPU
		{D0371463-C808-4301-AE05-BC99D2013ACF}.Release|Any CPU.ActiveCfg = Release|Any CPU
		{D0371463-C808-4301-AE05-BC99D2013ACF}.Release|Any CPU.Build.0 = Release|Any CPU
		{CCAB4FC0-8900-4126-8389-5C52062DBAE5}.Debug|Any CPU.ActiveCfg = Debug|Any CPU
		{CCAB4FC0-8900-4126-8389-5C52062DBAE5}.Debug|Any CPU.Build.0 = Debug|Any CPU
		{CCAB4FC0-8900-4126-8389-5C52062DBAE5}.Release|Any CPU.ActiveCfg = Release|Any CPU
		{CCAB4FC0-8900-4126-8389-5C52062DBAE5}.Release|Any CPU.Build.0 = Release|Any CPU
		{6BF359A0-CF94-4A06-8A81-8CFCCEA99EE9}.Debug|Any CPU.ActiveCfg = Debug|Any CPU
		{6BF359A0-CF94-4A06-8A81-8CFCCEA99EE9}.Debug|Any CPU.Build.0 = Debug|Any CPU
		{6BF359A0-CF94-4A06-8A81-8CFCCEA99EE9}.Release|Any CPU.ActiveCfg = Release|Any CPU
		{6BF359A0-CF94-4A06-8A81-8CFCCEA99EE9}.Release|Any CPU.Build.0 = Release|Any CPU
		{B2563E68-CBE6-4E71-A3BC-6CA978254535}.Debug|Any CPU.ActiveCfg = Debug|Any CPU
		{B2563E68-CBE6-4E71-A3BC-6CA978254535}.Debug|Any CPU.Build.0 = Debug|Any CPU
		{B2563E68-CBE6-4E71-A3BC-6CA978254535}.Release|Any CPU.ActiveCfg = Release|Any CPU
		{B2563E68-CBE6-4E71-A3BC-6CA978254535}.Release|Any CPU.Build.0 = Release|Any CPU
		{98F369FC-2F7C-427D-9AF7-37AB2145F372}.Debug|Any CPU.ActiveCfg = Debug|Any CPU
		{98F369FC-2F7C-427D-9AF7-37AB2145F372}.Debug|Any CPU.Build.0 = Debug|Any CPU
		{98F369FC-2F7C-427D-9AF7-37AB2145F372}.Release|Any CPU.ActiveCfg = Release|Any CPU
		{98F369FC-2F7C-427D-9AF7-37AB2145F372}.Release|Any CPU.Build.0 = Release|Any CPU
		{E47C8AEC-A25A-48C3-8E56-B0386A29C3EA}.Debug|Any CPU.ActiveCfg = Debug|Any CPU
		{E47C8AEC-A25A-48C3-8E56-B0386A29C3EA}.Debug|Any CPU.Build.0 = Debug|Any CPU
		{E47C8AEC-A25A-48C3-8E56-B0386A29C3EA}.Release|Any CPU.ActiveCfg = Release|Any CPU
		{E47C8AEC-A25A-48C3-8E56-B0386A29C3EA}.Release|Any CPU.Build.0 = Release|Any CPU
	EndGlobalSection
	GlobalSection(SolutionProperties) = preSolution
		HideSolutionNode = FALSE
	EndGlobalSection
	GlobalSection(NestedProjects) = preSolution
		{F0A33057-5480-41D5-B71E-DD9483552DF6} = {63515470-9590-4E66-9C64-9F0D3B86547E}
		{CA96EF69-AA0C-44E7-B7D9-B912ED8666C1} = {63515470-9590-4E66-9C64-9F0D3B86547E}
		{2A7F95C9-5A33-4530-B023-814362AB307D} = {63515470-9590-4E66-9C64-9F0D3B86547E}
		{B40115AB-446F-4391-9BC0-8FD2947A8DFC} = {63515470-9590-4E66-9C64-9F0D3B86547E}
		{4AC8628A-A27B-4D8A-8FE5-BC88C3DB2C80} = {4AB2B986-13C0-4052-9FDE-8797DBFF2FFB}
		{E3DB61E9-B1B7-4CBD-AF7C-4AF1C0AB204F} = {63515470-9590-4E66-9C64-9F0D3B86547E}
		{B81F891D-C187-4DC2-B32C-25875B28B04D} = {63515470-9590-4E66-9C64-9F0D3B86547E}
		{E1FF4269-17EF-405D-82CE-4ED2CC7DEFA3} = {63515470-9590-4E66-9C64-9F0D3B86547E}
		{21099251-12F2-48DF-8704-058CD6A7C8E8} = {E1FF4269-17EF-405D-82CE-4ED2CC7DEFA3}
		{0FC868E2-1262-421D-9F92-7425F224A428} = {E1FF4269-17EF-405D-82CE-4ED2CC7DEFA3}
		{D0371463-C808-4301-AE05-BC99D2013ACF} = {21099251-12F2-48DF-8704-058CD6A7C8E8}
		{CCAB4FC0-8900-4126-8389-5C52062DBAE5} = {21099251-12F2-48DF-8704-058CD6A7C8E8}
		{6BF359A0-CF94-4A06-8A81-8CFCCEA99EE9} = {0FC868E2-1262-421D-9F92-7425F224A428}
		{B2563E68-CBE6-4E71-A3BC-6CA978254535} = {0FC868E2-1262-421D-9F92-7425F224A428}
		{E47C8AEC-A25A-48C3-8E56-B0386A29C3EA} = {4AB2B986-13C0-4052-9FDE-8797DBFF2FFB}
	EndGlobalSection
	GlobalSection(ExtensibilityGlobals) = postSolution
		SolutionGuid = {D3FA63C3-048D-4660-A9A0-7299AF2C0417}
	EndGlobalSection
EndGlobal
